
Microsoft Visual Studio Solution File, Format Version 12.00
# Visual Studio Version 16
VisualStudioVersion = 16.0.31702.278
MinimumVisualStudioVersion = 10.0.40219.1
Project("{FAE04EC0-301F-11D3-BF4B-00C04F79EFBC}") = "CoreProject", "CoreProject\CoreProject.csproj", "{22EBFEF3-B848-42EC-B02C-6E76CEDBC42E}"
EndProject
Global
	GlobalSection(SolutionConfigurationPlatforms) = preSolution
		Debug|Any CPU = Debug|Any CPU
		Release|Any CPU = Release|Any CPU
	EndGlobalSection
	GlobalSection(ProjectConfigurationPlatforms) = postSolution
		{22EBFEF3-B848-42EC-B02C-6E76CEDBC42E}.Debug|Any CPU.ActiveCfg = Debug|Any CPU
		{22EBFEF3-B848-42EC-B02C-6E76CEDBC42E}.Debug|Any CPU.Build.0 = Debug|Any CPU
		{22EBFEF3-B848-42EC-B02C-6E76CEDBC42E}.Release|Any CPU.ActiveCfg = Release|Any CPU
		{22EBFEF3-B848-42EC-B02C-6E76CEDBC42E}.Release|Any CPU.Build.0 = Release|Any CPU
	EndGlobalSection
	GlobalSection(SolutionProperties) = preSolution
		HideSolutionNode = FALSE
	EndGlobalSection
	GlobalSection(ExtensibilityGlobals) = postSolution
		SolutionGuid = {2D683B8B-52B4-40F1-9554-792F1DA9F064}
	EndGlobalSection
EndGlobal
