
Microsoft Visual Studio Solution File, Format Version 12.00
# Visual Studio Version 16
VisualStudioVersion = 16.0.31702.278
MinimumVisualStudioVersion = 10.0.40219.1
Project("{9A19103F-16F7-4668-BE54-9A1E7A4F7556}") = "CoreProject", "CoreProject\CoreProject.csproj", "{22EBFEF3-B848-42EC-B02C-6E76CEDBC42E}"
EndProject
Project("{9A19103F-16F7-4668-BE54-9A1E7A4F7556}") = "EntityLayer", "EntityLayer\EntityLayer.csproj", "{CBC94A2A-0DC7-4A8A-836D-1B998D0139B9}"
EndProject
Project("{9A19103F-16F7-4668-BE54-9A1E7A4F7556}") = "DataAccessLayer", "DataAccessLayer\DataAccessLayer.csproj", "{21C976A8-A1CF-4066-9170-89281DE41B9B}"
EndProject
Project("{9A19103F-16F7-4668-BE54-9A1E7A4F7556}") = "BusinessLayer", "BusinessLayer\BusinessLayer.csproj", "{E5A56229-88E8-4316-ABF2-97C069B5E75C}"
EndProject
Project("{9A19103F-16F7-4668-BE54-9A1E7A4F7556}") = "CoreLayer", "CoreLayer\CoreLayer.csproj", "{9BCDEC70-7CBE-438C-94CD-E7C75D19DA7A}"
EndProject
Project("{9A19103F-16F7-4668-BE54-9A1E7A4F7556}") = "BlogAPI", "BlogAPI\BlogAPI.csproj", "{460C1A45-B392-434F-AE48-5D8E0737BD93}"
EndProject
Project("{FAE04EC0-301F-11D3-BF4B-00C04F79EFBC}") = "JwtProject", "JwtProject\JwtProject.csproj", "{B88ABB84-26E4-43E8-91A7-599CC030B5B8}"
EndProject
Global
	GlobalSection(SolutionConfigurationPlatforms) = preSolution
		Debug|Any CPU = Debug|Any CPU
		Release|Any CPU = Release|Any CPU
	EndGlobalSection
	GlobalSection(ProjectConfigurationPlatforms) = postSolution
		{22EBFEF3-B848-42EC-B02C-6E76CEDBC42E}.Debug|Any CPU.ActiveCfg = Debug|Any CPU
		{22EBFEF3-B848-42EC-B02C-6E76CEDBC42E}.Debug|Any CPU.Build.0 = Debug|Any CPU
		{22EBFEF3-B848-42EC-B02C-6E76CEDBC42E}.Release|Any CPU.ActiveCfg = Release|Any CPU
		{22EBFEF3-B848-42EC-B02C-6E76CEDBC42E}.Release|Any CPU.Build.0 = Release|Any CPU
		{CBC94A2A-0DC7-4A8A-836D-1B998D0139B9}.Debug|Any CPU.ActiveCfg = Debug|Any CPU
		{CBC94A2A-0DC7-4A8A-836D-1B998D0139B9}.Debug|Any CPU.Build.0 = Debug|Any CPU
		{CBC94A2A-0DC7-4A8A-836D-1B998D0139B9}.Release|Any CPU.ActiveCfg = Release|Any CPU
		{CBC94A2A-0DC7-4A8A-836D-1B998D0139B9}.Release|Any CPU.Build.0 = Release|Any CPU
		{21C976A8-A1CF-4066-9170-89281DE41B9B}.Debug|Any CPU.ActiveCfg = Debug|Any CPU
		{21C976A8-A1CF-4066-9170-89281DE41B9B}.Debug|Any CPU.Build.0 = Debug|Any CPU
		{21C976A8-A1CF-4066-9170-89281DE41B9B}.Release|Any CPU.ActiveCfg = Release|Any CPU
		{21C976A8-A1CF-4066-9170-89281DE41B9B}.Release|Any CPU.Build.0 = Release|Any CPU
		{E5A56229-88E8-4316-ABF2-97C069B5E75C}.Debug|Any CPU.ActiveCfg = Debug|Any CPU
		{E5A56229-88E8-4316-ABF2-97C069B5E75C}.Debug|Any CPU.Build.0 = Debug|Any CPU
		{E5A56229-88E8-4316-ABF2-97C069B5E75C}.Release|Any CPU.ActiveCfg = Release|Any CPU
		{E5A56229-88E8-4316-ABF2-97C069B5E75C}.Release|Any CPU.Build.0 = Release|Any CPU
		{9BCDEC70-7CBE-438C-94CD-E7C75D19DA7A}.Debug|Any CPU.ActiveCfg = Debug|Any CPU
		{9BCDEC70-7CBE-438C-94CD-E7C75D19DA7A}.Debug|Any CPU.Build.0 = Debug|Any CPU
		{9BCDEC70-7CBE-438C-94CD-E7C75D19DA7A}.Release|Any CPU.ActiveCfg = Release|Any CPU
		{9BCDEC70-7CBE-438C-94CD-E7C75D19DA7A}.Release|Any CPU.Build.0 = Release|Any CPU
		{460C1A45-B392-434F-AE48-5D8E0737BD93}.Debug|Any CPU.ActiveCfg = Debug|Any CPU
		{460C1A45-B392-434F-AE48-5D8E0737BD93}.Debug|Any CPU.Build.0 = Debug|Any CPU
		{460C1A45-B392-434F-AE48-5D8E0737BD93}.Release|Any CPU.ActiveCfg = Release|Any CPU
		{460C1A45-B392-434F-AE48-5D8E0737BD93}.Release|Any CPU.Build.0 = Release|Any CPU
		{B88ABB84-26E4-43E8-91A7-599CC030B5B8}.Debug|Any CPU.ActiveCfg = Debug|Any CPU
		{B88ABB84-26E4-43E8-91A7-599CC030B5B8}.Debug|Any CPU.Build.0 = Debug|Any CPU
		{B88ABB84-26E4-43E8-91A7-599CC030B5B8}.Release|Any CPU.ActiveCfg = Release|Any CPU
		{B88ABB84-26E4-43E8-91A7-599CC030B5B8}.Release|Any CPU.Build.0 = Release|Any CPU
	EndGlobalSection
	GlobalSection(SolutionProperties) = preSolution
		HideSolutionNode = FALSE
	EndGlobalSection
	GlobalSection(ExtensibilityGlobals) = postSolution
		SolutionGuid = {2D683B8B-52B4-40F1-9554-792F1DA9F064}
	EndGlobalSection
EndGlobal
